
Microsoft Visual Studio Solution File, Format Version 12.00
# Visual Studio Version 16
VisualStudioVersion = 16.0.30621.155
MinimumVisualStudioVersion = 10.0.40219.1
Project("{2150E333-8FDC-42A3-9474-1A3956D46DE8}") = "Business", "Business", "{01A442D1-A6A7-49AA-92FB-BF5DAA008F52}"
EndProject
Project("{2150E333-8FDC-42A3-9474-1A3956D46DE8}") = "Data", "Data", "{7DB37EEF-DC80-4450-AAFA-11FEC54F285F}"
EndProject
Project("{2150E333-8FDC-42A3-9474-1A3956D46DE8}") = "Presentation", "Presentation", "{9F4ADD14-3CCA-407E-9397-1A656553AB80}"
EndProject
Project("{2150E333-8FDC-42A3-9474-1A3956D46DE8}") = "Shared", "Shared", "{FE052DDC-18F4-4586-8894-9088412F25A2}"
EndProject
Project("{9A19103F-16F7-4668-BE54-9A1E7A4F7556}") = "Entities", "Entities\Entities.csproj", "{80ED9045-CA06-4F5E-B560-E8426B0EE6C7}"
EndProject
Project("{9A19103F-16F7-4668-BE54-9A1E7A4F7556}") = "Repositories", "Repositories\Repositories.csproj", "{C790DFF2-E80B-432E-B37B-A9D347F2F97A}"
EndProject
Project("{9A19103F-16F7-4668-BE54-9A1E7A4F7556}") = "Models", "Models\Models.csproj", "{A4ACF7EB-F6F8-40F1-A9E1-1B957F822E9A}"
EndProject
Project("{9A19103F-16F7-4668-BE54-9A1E7A4F7556}") = "Services", "Services\Services.csproj", "{EC81995C-6A13-46D8-A161-C198CB737BC1}"
EndProject
Project("{9A19103F-16F7-4668-BE54-9A1E7A4F7556}") = "API", "API\API.csproj", "{6D984790-C739-45D3-9E0F-0E810C79D5D0}"
EndProject
Project("{9A19103F-16F7-4668-BE54-9A1E7A4F7556}") = "Database", "Database\Database.csproj", "{D032E666-206E-4CFD-9BF4-E37D31FC6011}"
EndProject
Project("{FAE04EC0-301F-11D3-BF4B-00C04F79EFBC}") = "Infrastructure", "Infrastructure\Infrastructure.csproj", "{F49F8ED3-1CF7-4A97-AC2C-EDD2D32C5EB7}"
EndProject
Global
	GlobalSection(SolutionConfigurationPlatforms) = preSolution
		Debug|Any CPU = Debug|Any CPU
		Release|Any CPU = Release|Any CPU
	EndGlobalSection
	GlobalSection(ProjectConfigurationPlatforms) = postSolution
		{80ED9045-CA06-4F5E-B560-E8426B0EE6C7}.Debug|Any CPU.ActiveCfg = Debug|Any CPU
		{80ED9045-CA06-4F5E-B560-E8426B0EE6C7}.Debug|Any CPU.Build.0 = Debug|Any CPU
		{80ED9045-CA06-4F5E-B560-E8426B0EE6C7}.Release|Any CPU.ActiveCfg = Release|Any CPU
		{80ED9045-CA06-4F5E-B560-E8426B0EE6C7}.Release|Any CPU.Build.0 = Release|Any CPU
		{C790DFF2-E80B-432E-B37B-A9D347F2F97A}.Debug|Any CPU.ActiveCfg = Debug|Any CPU
		{C790DFF2-E80B-432E-B37B-A9D347F2F97A}.Debug|Any CPU.Build.0 = Debug|Any CPU
		{C790DFF2-E80B-432E-B37B-A9D347F2F97A}.Release|Any CPU.ActiveCfg = Release|Any CPU
		{C790DFF2-E80B-432E-B37B-A9D347F2F97A}.Release|Any CPU.Build.0 = Release|Any CPU
		{A4ACF7EB-F6F8-40F1-A9E1-1B957F822E9A}.Debug|Any CPU.ActiveCfg = Debug|Any CPU
		{A4ACF7EB-F6F8-40F1-A9E1-1B957F822E9A}.Debug|Any CPU.Build.0 = Debug|Any CPU
		{A4ACF7EB-F6F8-40F1-A9E1-1B957F822E9A}.Release|Any CPU.ActiveCfg = Release|Any CPU
		{A4ACF7EB-F6F8-40F1-A9E1-1B957F822E9A}.Release|Any CPU.Build.0 = Release|Any CPU
		{EC81995C-6A13-46D8-A161-C198CB737BC1}.Debug|Any CPU.ActiveCfg = Debug|Any CPU
		{EC81995C-6A13-46D8-A161-C198CB737BC1}.Debug|Any CPU.Build.0 = Debug|Any CPU
		{EC81995C-6A13-46D8-A161-C198CB737BC1}.Release|Any CPU.ActiveCfg = Release|Any CPU
		{EC81995C-6A13-46D8-A161-C198CB737BC1}.Release|Any CPU.Build.0 = Release|Any CPU
		{6D984790-C739-45D3-9E0F-0E810C79D5D0}.Debug|Any CPU.ActiveCfg = Debug|Any CPU
		{6D984790-C739-45D3-9E0F-0E810C79D5D0}.Debug|Any CPU.Build.0 = Debug|Any CPU
		{6D984790-C739-45D3-9E0F-0E810C79D5D0}.Release|Any CPU.ActiveCfg = Release|Any CPU
		{6D984790-C739-45D3-9E0F-0E810C79D5D0}.Release|Any CPU.Build.0 = Release|Any CPU
		{D032E666-206E-4CFD-9BF4-E37D31FC6011}.Debug|Any CPU.ActiveCfg = Debug|Any CPU
		{D032E666-206E-4CFD-9BF4-E37D31FC6011}.Debug|Any CPU.Build.0 = Debug|Any CPU
		{D032E666-206E-4CFD-9BF4-E37D31FC6011}.Release|Any CPU.ActiveCfg = Release|Any CPU
		{D032E666-206E-4CFD-9BF4-E37D31FC6011}.Release|Any CPU.Build.0 = Release|Any CPU
		{F49F8ED3-1CF7-4A97-AC2C-EDD2D32C5EB7}.Debug|Any CPU.ActiveCfg = Debug|Any CPU
		{F49F8ED3-1CF7-4A97-AC2C-EDD2D32C5EB7}.Debug|Any CPU.Build.0 = Debug|Any CPU
		{F49F8ED3-1CF7-4A97-AC2C-EDD2D32C5EB7}.Release|Any CPU.ActiveCfg = Release|Any CPU
		{F49F8ED3-1CF7-4A97-AC2C-EDD2D32C5EB7}.Release|Any CPU.Build.0 = Release|Any CPU
	EndGlobalSection
	GlobalSection(SolutionProperties) = preSolution
		HideSolutionNode = FALSE
	EndGlobalSection
	GlobalSection(NestedProjects) = preSolution
		{80ED9045-CA06-4F5E-B560-E8426B0EE6C7} = {7DB37EEF-DC80-4450-AAFA-11FEC54F285F}
		{C790DFF2-E80B-432E-B37B-A9D347F2F97A} = {7DB37EEF-DC80-4450-AAFA-11FEC54F285F}
		{A4ACF7EB-F6F8-40F1-A9E1-1B957F822E9A} = {01A442D1-A6A7-49AA-92FB-BF5DAA008F52}
		{EC81995C-6A13-46D8-A161-C198CB737BC1} = {01A442D1-A6A7-49AA-92FB-BF5DAA008F52}
		{6D984790-C739-45D3-9E0F-0E810C79D5D0} = {9F4ADD14-3CCA-407E-9397-1A656553AB80}
		{D032E666-206E-4CFD-9BF4-E37D31FC6011} = {FE052DDC-18F4-4586-8894-9088412F25A2}
		{F49F8ED3-1CF7-4A97-AC2C-EDD2D32C5EB7} = {FE052DDC-18F4-4586-8894-9088412F25A2}
	EndGlobalSection
	GlobalSection(ExtensibilityGlobals) = postSolution
		SolutionGuid = {B3EAE6AA-D946-4E79-9639-03EF57E454CF}
	EndGlobalSection
EndGlobal
